
Microsoft Visual Studio Solution File, Format Version 12.00
# Visual Studio Version 16
VisualStudioVersion = 16.0.30002.166
MinimumVisualStudioVersion = 10.0.40219.1
Project("{FAE04EC0-301F-11D3-BF4B-00C04F79EFBC}") = "Swhirl App", "Swhirl App\Swhirl App.csproj", "{21A6463B-80D6-4B46-B74A-75C8D82902EA}"
EndProject
Global
	GlobalSection(SolutionConfigurationPlatforms) = preSolution
		Debug|Any CPU = Debug|Any CPU
		Release|Any CPU = Release|Any CPU
	EndGlobalSection
	GlobalSection(ProjectConfigurationPlatforms) = postSolution
		{21A6463B-80D6-4B46-B74A-75C8D82902EA}.Debug|Any CPU.ActiveCfg = Debug|Any CPU
		{21A6463B-80D6-4B46-B74A-75C8D82902EA}.Debug|Any CPU.Build.0 = Debug|Any CPU
		{21A6463B-80D6-4B46-B74A-75C8D82902EA}.Release|Any CPU.ActiveCfg = Release|Any CPU
		{21A6463B-80D6-4B46-B74A-75C8D82902EA}.Release|Any CPU.Build.0 = Release|Any CPU
	EndGlobalSection
	GlobalSection(SolutionProperties) = preSolution
		HideSolutionNode = FALSE
	EndGlobalSection
	GlobalSection(ExtensibilityGlobals) = postSolution
		SolutionGuid = {3F9FBAAE-9767-499D-821A-8310875CE8FA}
	EndGlobalSection
EndGlobal
